# This file is automatically @generated by Cargo.
# It is not intended for manual editing.
version = 3

[[package]]
name = "h10"
version = "0.1.5"
dependencies = [
 "html-rs",
]

[[package]]
name = "html-rs"
version = "0.2.0"
source = "registry+https://github.com/rust-lang/crates.io-index"
checksum = "cc6658e7e97f1dd6ef45591346220403b6dd26ea11379eb5d6df80b9340ae489"
