# This file is automatically @generated by Cargo.
# It is not intended for manual editing.
version = 4

[[package]]
name = "h10"
version = "0.6.19"
dependencies = [
 "html-rs",
]

[[package]]
name = "html-rs"
version = "0.3.1"
source = "git+https://github.com/ancos2505/html-rs.git#dfce095770a31b9499b4e1d624f187bee52cd6f3"
