# This file is automatically @generated by Cargo.
# It is not intended for manual editing.
version = 3

[[package]]
name = "h10"
version = "0.1.3"
dependencies = [
 "html-rs",
]

[[package]]
name = "html-rs"
version = "0.1.6"
source = "registry+https://github.com/rust-lang/crates.io-index"
checksum = "49472c1d64feb36a41f625af70bee92f8feb50174a61e5570e2d2e77db0e16a1"
